
Microsoft Visual Studio Solution File, Format Version 12.00
# Visual Studio Version 17
VisualStudioVersion = 17.11.35327.3
MinimumVisualStudioVersion = 10.0.40219.1
Project("{FAE04EC0-301F-11D3-BF4B-00C04F79EFBC}") = "Ecommerce", "Ecommerce\Ecommerce.csproj", "{0D0C8A59-3D2C-4193-86FB-7B7091D246AA}"
EndProject
Project("{9092AA53-FB77-4645-B42D-1CCCA6BD08BD}") = "FrontendReact", "FrontendReact\FrontendReact.njsproj", "{2F9C5E8C-AC89-484D-BB96-F69001436C4B}"
EndProject
Global
	GlobalSection(SolutionConfigurationPlatforms) = preSolution
		Debug|Any CPU = Debug|Any CPU
		Release|Any CPU = Release|Any CPU
	EndGlobalSection
	GlobalSection(ProjectConfigurationPlatforms) = postSolution
		{0D0C8A59-3D2C-4193-86FB-7B7091D246AA}.Debug|Any CPU.ActiveCfg = Debug|Any CPU
		{0D0C8A59-3D2C-4193-86FB-7B7091D246AA}.Debug|Any CPU.Build.0 = Debug|Any CPU
		{0D0C8A59-3D2C-4193-86FB-7B7091D246AA}.Release|Any CPU.ActiveCfg = Release|Any CPU
		{0D0C8A59-3D2C-4193-86FB-7B7091D246AA}.Release|Any CPU.Build.0 = Release|Any CPU
		{2F9C5E8C-AC89-484D-BB96-F69001436C4B}.Debug|Any CPU.ActiveCfg = Debug|Any CPU
		{2F9C5E8C-AC89-484D-BB96-F69001436C4B}.Debug|Any CPU.Build.0 = Debug|Any CPU
		{2F9C5E8C-AC89-484D-BB96-F69001436C4B}.Release|Any CPU.ActiveCfg = Release|Any CPU
		{2F9C5E8C-AC89-484D-BB96-F69001436C4B}.Release|Any CPU.Build.0 = Release|Any CPU
	EndGlobalSection
	GlobalSection(SolutionProperties) = preSolution
		HideSolutionNode = FALSE
	EndGlobalSection
	GlobalSection(ExtensibilityGlobals) = postSolution
		SolutionGuid = {3F30E190-22DE-40AC-9227-65ED8BDB377F}
	EndGlobalSection
EndGlobal
